<?xml version="1.0" encoding="utf-8"?>
<Project ToolsVersion="4.0" xmlns="http://schemas.microsoft.com/developer/msbuild/2003">
  <ItemGroup>
    <Filter Include="Source Files">
      <UniqueIdentifier>{4FC737F1-C7A5-4376-A066-2A32D752A2FF}</UniqueIdentifier>
      <Extensions>cpp;c;cc;cxx;c++;cppm;ixx;def;odl;idl;hpj;bat;asm;asmx</Extensions>
    </Filter>
    <Filter Include="Header Files">
      <UniqueIdentifier>{93995380-89BD-4b04-88EB-625FBE52EBFB}</UniqueIdentifier>
      <Extensions>h;hh;hpp;hxx;h++;hm;inl;inc;ipp;xsd</Extensions>
    </Filter>
    <Filter Include="Resource Files">
      <UniqueIdentifier>{67DA6AB6-F800-4c08-8B7A-83BB121AAD01}</UniqueIdentifier>
      <Extensions>rc;ico;cur;bmp;dlg;rc2;rct;bin;rgs;gif;jpg;jpeg;jpe;resx;tiff;tif;png;wav;mfcribbon-ms</Extensions>
    </Filter>
    <Filter Include="Source Files\abilities">
      <UniqueIdentifier>{c9d8505a-47ca-438f-bb6d-f33b863c1eee}</UniqueIdentifier>
    </Filter>
    <Filter Include="Source Files\hyperknux">
      <UniqueIdentifier>{14c1d7d7-1760-4041-913d-c3bf3bee8122}</UniqueIdentifier>
    </Filter>
  </ItemGroup>
  <ItemGroup>
    <ClInclude Include="framework.h">
      <Filter>Header Files</Filter>
    </ClInclude>
    <ClInclude Include="pch.h">
      <Filter>Header Files</Filter>
    </ClInclude>
    <ClInclude Include="mod.h">
      <Filter>Header Files</Filter>
    </ClInclude>
    <ClInclude Include="util.h">
      <Filter>Header Files</Filter>
    </ClInclude>
    <ClInclude Include="hyper-knux.h">
      <Filter>Header Files</Filter>
    </ClInclude>
    <ClInclude Include="audio.h">
      <Filter>Header Files</Filter>
    </ClInclude>
    <ClInclude Include="sadx-util.h">
      <Filter>Header Files</Filter>
    </ClInclude>
    <ClInclude Include="multiapi.h">
      <Filter>Header Files</Filter>
    </ClInclude>
  </ItemGroup>
  <ItemGroup>
    <ClCompile Include="dllmain.cpp">
      <Filter>Source Files</Filter>
    </ClCompile>
    <ClCompile Include="pch.cpp">
      <Filter>Source Files</Filter>
    </ClCompile>
    <ClCompile Include="config.cpp">
      <Filter>Source Files</Filter>
    </ClCompile>
    <ClCompile Include="mod.cpp">
      <Filter>Source Files</Filter>
    </ClCompile>
    <ClCompile Include="util.cpp">
      <Filter>Source Files</Filter>
    </ClCompile>
    <ClCompile Include="audio.cpp">
      <Filter>Source Files</Filter>
    </ClCompile>
    <ClCompile Include="earthquake.cpp">
      <Filter>Source Files\abilities</Filter>
    </ClCompile>
    <ClCompile Include="afterimage.cpp">
      <Filter>Source Files\abilities</Filter>
    </ClCompile>
    <ClCompile Include="max-heat.cpp">
      <Filter>Source Files\abilities</Filter>
    </ClCompile>
    <ClCompile Include="super-aura.cpp">
      <Filter>Source Files\abilities</Filter>
    </ClCompile>
    <ClCompile Include="hud.cpp">
      <Filter>Source Files</Filter>
    </ClCompile>
    <ClCompile Include="jiggle-eyetracker.cpp">
      <Filter>Source Files\hyperknux</Filter>
    </ClCompile>
    <ClCompile Include="chrmodels.cpp">
      <Filter>Source Files\hyperknux</Filter>
    </ClCompile>
    <ClCompile Include="hyper-knux.cpp">
      <Filter>Source Files\hyperknux</Filter>
    </ClCompile>
    <ClCompile Include="physics.cpp">
      <Filter>Source Files\hyperknux</Filter>
    </ClCompile>
    <ClCompile Include="water-hack.cpp">
      <Filter>Source Files\abilities</Filter>
    </ClCompile>
  </ItemGroup>
</Project>